// !$*UTF8*$!
{
	archiveVersion = 1;
	classes = {
	};
	objectVersion = 48;
	objects = {

/* Begin PBXBuildFile section */
		26740961533FD85629E5697C /* Pods_OpenFireChat.framework in Frameworks */ = {isa = PBXBuildFile; fileRef = AA4CF697D5D8315313BF9562 /* Pods_OpenFireChat.framework */; };
		61041784B475702527B808F6 /* Pods_OpenFireChatUITests.framework in Frameworks */ = {isa = PBXBuildFile; fileRef = FD439E32CEC1943AD4DDAD00 /* Pods_OpenFireChatUITests.framework */; };
		8B46901020209B4C00B62227 /* AppDelegate.swift in Sources */ = {isa = PBXBuildFile; fileRef = 8B46900F20209B4C00B62227 /* AppDelegate.swift */; };
		8B46901220209B4C00B62227 /* ViewController.swift in Sources */ = {isa = PBXBuildFile; fileRef = 8B46901120209B4C00B62227 /* ViewController.swift */; };
		8B46901520209B4C00B62227 /* Main.storyboard in Resources */ = {isa = PBXBuildFile; fileRef = 8B46901320209B4C00B62227 /* Main.storyboard */; };
		8B46901720209B4C00B62227 /* Assets.xcassets in Resources */ = {isa = PBXBuildFile; fileRef = 8B46901620209B4C00B62227 /* Assets.xcassets */; };
		8B46901A20209B4C00B62227 /* LaunchScreen.storyboard in Resources */ = {isa = PBXBuildFile; fileRef = 8B46901820209B4C00B62227 /* LaunchScreen.storyboard */; };
		8B46902520209B4C00B62227 /* OpenFireChatTests.swift in Sources */ = {isa = PBXBuildFile; fileRef = 8B46902420209B4C00B62227 /* OpenFireChatTests.swift */; };
		8B46903020209B4C00B62227 /* OpenFireChatUITests.swift in Sources */ = {isa = PBXBuildFile; fileRef = 8B46902F20209B4C00B62227 /* OpenFireChatUITests.swift */; };
		D13A277B66614E498CEF3C90 /* Pods_OpenFireChatTests.framework in Frameworks */ = {isa = PBXBuildFile; fileRef = BE688A316A3ADE8D48542E37 /* Pods_OpenFireChatTests.framework */; };
/* End PBXBuildFile section */

/* Begin PBXContainerItemProxy section */
		8B46902120209B4C00B62227 /* PBXContainerItemProxy */ = {
			isa = PBXContainerItemProxy;
			containerPortal = 8B46900420209B4C00B62227 /* Project object */;
			proxyType = 1;
			remoteGlobalIDString = 8B46900B20209B4C00B62227;
			remoteInfo = OpenFireChat;
		};
		8B46902C20209B4C00B62227 /* PBXContainerItemProxy */ = {
			isa = PBXContainerItemProxy;
			containerPortal = 8B46900420209B4C00B62227 /* Project object */;
			proxyType = 1;
			remoteGlobalIDString = 8B46900B20209B4C00B62227;
			remoteInfo = OpenFireChat;
		};
/* End PBXContainerItemProxy section */

/* Begin PBXFileReference section */
		06BF67DE53E5A4720799AF79 /* Pods-OpenFireChat.release.xcconfig */ = {isa = PBXFileReference; includeInIndex = 1; lastKnownFileType = text.xcconfig; name = "Pods-OpenFireChat.release.xcconfig"; path = "Pods/Target Support Files/Pods-OpenFireChat/Pods-OpenFireChat.release.xcconfig"; sourceTree = "<group>"; };
		801C8EB6AFEB06C649450896 /* Pods-OpenFireChat.debug.xcconfig */ = {isa = PBXFileReference; includeInIndex = 1; lastKnownFileType = text.xcconfig; name = "Pods-OpenFireChat.debug.xcconfig"; path = "Pods/Target Support Files/Pods-OpenFireChat/Pods-OpenFireChat.debug.xcconfig"; sourceTree = "<group>"; };
		8B46900C20209B4C00B62227 /* OpenFireChat.app */ = {isa = PBXFileReference; explicitFileType = wrapper.application; includeInIndex = 0; path = OpenFireChat.app; sourceTree = BUILT_PRODUCTS_DIR; };
		8B46900F20209B4C00B62227 /* AppDelegate.swift */ = {isa = PBXFileReference; lastKnownFileType = sourcecode.swift; path = AppDelegate.swift; sourceTree = "<group>"; };
		8B46901120209B4C00B62227 /* ViewController.swift */ = {isa = PBXFileReference; lastKnownFileType = sourcecode.swift; path = ViewController.swift; sourceTree = "<group>"; };
		8B46901420209B4C00B62227 /* Base */ = {isa = PBXFileReference; lastKnownFileType = file.storyboard; name = Base; path = Base.lproj/Main.storyboard; sourceTree = "<group>"; };
		8B46901620209B4C00B62227 /* Assets.xcassets */ = {isa = PBXFileReference; lastKnownFileType = folder.assetcatalog; path = Assets.xcassets; sourceTree = "<group>"; };
		8B46901920209B4C00B62227 /* Base */ = {isa = PBXFileReference; lastKnownFileType = file.storyboard; name = Base; path = Base.lproj/LaunchScreen.storyboard; sourceTree = "<group>"; };
		8B46901B20209B4C00B62227 /* Info.plist */ = {isa = PBXFileReference; lastKnownFileType = text.plist.xml; path = Info.plist; sourceTree = "<group>"; };
		8B46902020209B4C00B62227 /* OpenFireChatTests.xctest */ = {isa = PBXFileReference; explicitFileType = wrapper.cfbundle; includeInIndex = 0; path = OpenFireChatTests.xctest; sourceTree = BUILT_PRODUCTS_DIR; };
		8B46902420209B4C00B62227 /* OpenFireChatTests.swift */ = {isa = PBXFileReference; lastKnownFileType = sourcecode.swift; path = OpenFireChatTests.swift; sourceTree = "<group>"; };
		8B46902620209B4C00B62227 /* Info.plist */ = {isa = PBXFileReference; lastKnownFileType = text.plist.xml; path = Info.plist; sourceTree = "<group>"; };
		8B46902B20209B4C00B62227 /* OpenFireChatUITests.xctest */ = {isa = PBXFileReference; explicitFileType = wrapper.cfbundle; includeInIndex = 0; path = OpenFireChatUITests.xctest; sourceTree = BUILT_PRODUCTS_DIR; };
		8B46902F20209B4C00B62227 /* OpenFireChatUITests.swift */ = {isa = PBXFileReference; lastKnownFileType = sourcecode.swift; path = OpenFireChatUITests.swift; sourceTree = "<group>"; };
		8B46903120209B4C00B62227 /* Info.plist */ = {isa = PBXFileReference; lastKnownFileType = text.plist.xml; path = Info.plist; sourceTree = "<group>"; };
		A31F78277479D9159DCE8437 /* Pods-OpenFireChatTests.release.xcconfig */ = {isa = PBXFileReference; includeInIndex = 1; lastKnownFileType = text.xcconfig; name = "Pods-OpenFireChatTests.release.xcconfig"; path = "Pods/Target Support Files/Pods-OpenFireChatTests/Pods-OpenFireChatTests.release.xcconfig"; sourceTree = "<group>"; };
		AA4CF697D5D8315313BF9562 /* Pods_OpenFireChat.framework */ = {isa = PBXFileReference; explicitFileType = wrapper.framework; includeInIndex = 0; path = Pods_OpenFireChat.framework; sourceTree = BUILT_PRODUCTS_DIR; };
		BE688A316A3ADE8D48542E37 /* Pods_OpenFireChatTests.framework */ = {isa = PBXFileReference; explicitFileType = wrapper.framework; includeInIndex = 0; path = Pods_OpenFireChatTests.framework; sourceTree = BUILT_PRODUCTS_DIR; };
		CE41332CC45FE06F17225820 /* Pods-OpenFireChatTests.debug.xcconfig */ = {isa = PBXFileReference; includeInIndex = 1; lastKnownFileType = text.xcconfig; name = "Pods-OpenFireChatTests.debug.xcconfig"; path = "Pods/Target Support Files/Pods-OpenFireChatTests/Pods-OpenFireChatTests.debug.xcconfig"; sourceTree = "<group>"; };
		D22A5AC458A87609608F4B98 /* Pods-OpenFireChatUITests.debug.xcconfig */ = {isa = PBXFileReference; includeInIndex = 1; lastKnownFileType = text.xcconfig; name = "Pods-OpenFireChatUITests.debug.xcconfig"; path = "Pods/Target Support Files/Pods-OpenFireChatUITests/Pods-OpenFireChatUITests.debug.xcconfig"; sourceTree = "<group>"; };
		E9ACAD5C4E58A352D75B5245 /* Pods-OpenFireChatUITests.release.xcconfig */ = {isa = PBXFileReference; includeInIndex = 1; lastKnownFileType = text.xcconfig; name = "Pods-OpenFireChatUITests.release.xcconfig"; path = "Pods/Target Support Files/Pods-OpenFireChatUITests/Pods-OpenFireChatUITests.release.xcconfig"; sourceTree = "<group>"; };
		FD439E32CEC1943AD4DDAD00 /* Pods_OpenFireChatUITests.framework */ = {isa = PBXFileReference; explicitFileType = wrapper.framework; includeInIndex = 0; path = Pods_OpenFireChatUITests.framework; sourceTree = BUILT_PRODUCTS_DIR; };
/* End PBXFileReference section */

/* Begin PBXFrameworksBuildPhase section */
		8B46900920209B4C00B62227 /* Frameworks */ = {
			isa = PBXFrameworksBuildPhase;
			buildActionMask = 2147483647;
			files = (
				26740961533FD85629E5697C /* Pods_OpenFireChat.framework in Frameworks */,
			);
			runOnlyForDeploymentPostprocessing = 0;
		};
		8B46901D20209B4C00B62227 /* Frameworks */ = {
			isa = PBXFrameworksBuildPhase;
			buildActionMask = 2147483647;
			files = (
				D13A277B66614E498CEF3C90 /* Pods_OpenFireChatTests.framework in Frameworks */,
			);
			runOnlyForDeploymentPostprocessing = 0;
		};
		8B46902820209B4C00B62227 /* Frameworks */ = {
			isa = PBXFrameworksBuildPhase;
			buildActionMask = 2147483647;
			files = (
				61041784B475702527B808F6 /* Pods_OpenFireChatUITests.framework in Frameworks */,
			);
			runOnlyForDeploymentPostprocessing = 0;
		};
/* End PBXFrameworksBuildPhase section */

/* Begin PBXGroup section */
		0FCA408C8014F63F38502367 /* Frameworks */ = {
			isa = PBXGroup;
			children = (
				AA4CF697D5D8315313BF9562 /* Pods_OpenFireChat.framework */,
				BE688A316A3ADE8D48542E37 /* Pods_OpenFireChatTests.framework */,
				FD439E32CEC1943AD4DDAD00 /* Pods_OpenFireChatUITests.framework */,
			);
			name = Frameworks;
			sourceTree = "<group>";
		};
		8B46900320209B4C00B62227 = {
			isa = PBXGroup;
			children = (
				8B46900E20209B4C00B62227 /* OpenFireChat */,
				8B46902320209B4C00B62227 /* OpenFireChatTests */,
				8B46902E20209B4C00B62227 /* OpenFireChatUITests */,
				8B46900D20209B4C00B62227 /* Products */,
				B3CB124CCC837B50E4F93B32 /* Pods */,
				0FCA408C8014F63F38502367 /* Frameworks */,
			);
			sourceTree = "<group>";
		};
		8B46900D20209B4C00B62227 /* Products */ = {
			isa = PBXGroup;
			children = (
				8B46900C20209B4C00B62227 /* OpenFireChat.app */,
				8B46902020209B4C00B62227 /* OpenFireChatTests.xctest */,
				8B46902B20209B4C00B62227 /* OpenFireChatUITests.xctest */,
			);
			name = Products;
			sourceTree = "<group>";
		};
		8B46900E20209B4C00B62227 /* OpenFireChat */ = {
			isa = PBXGroup;
			children = (
				8B46900F20209B4C00B62227 /* AppDelegate.swift */,
				8B46901120209B4C00B62227 /* ViewController.swift */,
				8B46901320209B4C00B62227 /* Main.storyboard */,
				8B46901620209B4C00B62227 /* Assets.xcassets */,
				8B46901820209B4C00B62227 /* LaunchScreen.storyboard */,
				8B46901B20209B4C00B62227 /* Info.plist */,
			);
			path = OpenFireChat;
			sourceTree = "<group>";
		};
		8B46902320209B4C00B62227 /* OpenFireChatTests */ = {
			isa = PBXGroup;
			children = (
				8B46902420209B4C00B62227 /* OpenFireChatTests.swift */,
				8B46902620209B4C00B62227 /* Info.plist */,
			);
			path = OpenFireChatTests;
			sourceTree = "<group>";
		};
		8B46902E20209B4C00B62227 /* OpenFireChatUITests */ = {
			isa = PBXGroup;
			children = (
				8B46902F20209B4C00B62227 /* OpenFireChatUITests.swift */,
				8B46903120209B4C00B62227 /* Info.plist */,
			);
			path = OpenFireChatUITests;
			sourceTree = "<group>";
		};
		B3CB124CCC837B50E4F93B32 /* Pods */ = {
			isa = PBXGroup;
			children = (
				801C8EB6AFEB06C649450896 /* Pods-OpenFireChat.debug.xcconfig */,
				06BF67DE53E5A4720799AF79 /* Pods-OpenFireChat.release.xcconfig */,
				CE41332CC45FE06F17225820 /* Pods-OpenFireChatTests.debug.xcconfig */,
				A31F78277479D9159DCE8437 /* Pods-OpenFireChatTests.release.xcconfig */,
				D22A5AC458A87609608F4B98 /* Pods-OpenFireChatUITests.debug.xcconfig */,
				E9ACAD5C4E58A352D75B5245 /* Pods-OpenFireChatUITests.release.xcconfig */,
			);
			name = Pods;
			sourceTree = "<group>";
		};
/* End PBXGroup section */

/* Begin PBXNativeTarget section */
		8B46900B20209B4C00B62227 /* OpenFireChat */ = {
			isa = PBXNativeTarget;
			buildConfigurationList = 8B46903420209B4C00B62227 /* Build configuration list for PBXNativeTarget "OpenFireChat" */;
			buildPhases = (
				0D6D1CAD25CC83412D511C24 /* [CP] Check Pods Manifest.lock */,
				8B46900820209B4C00B62227 /* Sources */,
				8B46900920209B4C00B62227 /* Frameworks */,
				8B46900A20209B4C00B62227 /* Resources */,
				C3BB1A45431AFCDD5C3B93AA /* [CP] Embed Pods Frameworks */,
				11492D2BBA39BB8C5AD3B0B0 /* [CP] Copy Pods Resources */,
			);
			buildRules = (
			);
			dependencies = (
			);
			name = OpenFireChat;
			productName = OpenFireChat;
			productReference = 8B46900C20209B4C00B62227 /* OpenFireChat.app */;
			productType = "com.apple.product-type.application";
		};
		8B46901F20209B4C00B62227 /* OpenFireChatTests */ = {
			isa = PBXNativeTarget;
			buildConfigurationList = 8B46903720209B4C00B62227 /* Build configuration list for PBXNativeTarget "OpenFireChatTests" */;
			buildPhases = (
				BF3298001127F78F5B2A230D /* [CP] Check Pods Manifest.lock */,
				8B46901C20209B4C00B62227 /* Sources */,
				8B46901D20209B4C00B62227 /* Frameworks */,
				8B46901E20209B4C00B62227 /* Resources */,
				EAC0556A103D3A7A11EEBB50 /* [CP] Embed Pods Frameworks */,
				BB0386A98EB168F28FBCC4E8 /* [CP] Copy Pods Resources */,
			);
			buildRules = (
			);
			dependencies = (
				8B46902220209B4C00B62227 /* PBXTargetDependency */,
			);
			name = OpenFireChatTests;
			productName = OpenFireChatTests;
			productReference = 8B46902020209B4C00B62227 /* OpenFireChatTests.xctest */;
			productType = "com.apple.product-type.bundle.unit-test";
		};
		8B46902A20209B4C00B62227 /* OpenFireChatUITests */ = {
			isa = PBXNativeTarget;
			buildConfigurationList = 8B46903A20209B4C00B62227 /* Build configuration list for PBXNativeTarget "OpenFireChatUITests" */;
			buildPhases = (
				E94470E332BB18ABA5C66FE1 /* [CP] Check Pods Manifest.lock */,
				8B46902720209B4C00B62227 /* Sources */,
				8B46902820209B4C00B62227 /* Frameworks */,
				8B46902920209B4C00B62227 /* Resources */,
				F610564D824C31FF514DF629 /* [CP] Embed Pods Frameworks */,
				02F00F234A8FA54B626C6C48 /* [CP] Copy Pods Resources */,
			);
			buildRules = (
			);
			dependencies = (
				8B46902D20209B4C00B62227 /* PBXTargetDependency */,
			);
			name = OpenFireChatUITests;
			productName = OpenFireChatUITests;
			productReference = 8B46902B20209B4C00B62227 /* OpenFireChatUITests.xctest */;
			productType = "com.apple.product-type.bundle.ui-testing";
		};
/* End PBXNativeTarget section */

/* Begin PBXProject section */
		8B46900420209B4C00B62227 /* Project object */ = {
			isa = PBXProject;
			attributes = {
				LastSwiftUpdateCheck = 0920;
				LastUpgradeCheck = 0920;
				ORGANIZATIONNAME = "Varun Rathi";
				TargetAttributes = {
					8B46900B20209B4C00B62227 = {
						CreatedOnToolsVersion = 9.2;
						ProvisioningStyle = Automatic;
					};
					8B46901F20209B4C00B62227 = {
						CreatedOnToolsVersion = 9.2;
						ProvisioningStyle = Automatic;
						TestTargetID = 8B46900B20209B4C00B62227;
					};
					8B46902A20209B4C00B62227 = {
						CreatedOnToolsVersion = 9.2;
						ProvisioningStyle = Automatic;
						TestTargetID = 8B46900B20209B4C00B62227;
					};
				};
			};
			buildConfigurationList = 8B46900720209B4C00B62227 /* Build configuration list for PBXProject "OpenFireChat" */;
			compatibilityVersion = "Xcode 8.0";
			developmentRegion = en;
			hasScannedForEncodings = 0;
			knownRegions = (
				en,
				Base,
			);
			mainGroup = 8B46900320209B4C00B62227;
			productRefGroup = 8B46900D20209B4C00B62227 /* Products */;
			projectDirPath = "";
			projectRoot = "";
			targets = (
				8B46900B20209B4C00B62227 /* OpenFireChat */,
				8B46901F20209B4C00B62227 /* OpenFireChatTests */,
				8B46902A20209B4C00B62227 /* OpenFireChatUITests */,
			);
		};
/* End PBXProject section */

/* Begin PBXResourcesBuildPhase section */
		8B46900A20209B4C00B62227 /* Resources */ = {
			isa = PBXResourcesBuildPhase;
			buildActionMask = 2147483647;
			files = (
				8B46901A20209B4C00B62227 /* LaunchScreen.storyboard in Resources */,
				8B46901720209B4C00B62227 /* Assets.xcassets in Resources */,
				8B46901520209B4C00B62227 /* Main.storyboard in Resources */,
			);
			runOnlyForDeploymentPostprocessing = 0;
		};
		8B46901E20209B4C00B62227 /* Resources */ = {
			isa = PBXResourcesBuildPhase;
			buildActionMask = 2147483647;
			files = (
			);
			runOnlyForDeploymentPostprocessing = 0;
		};
		8B46902920209B4C00B62227 /* Resources */ = {
			isa = PBXResourcesBuildPhase;
			buildActionMask = 2147483647;
			files = (
			);
			runOnlyForDeploymentPostprocessing = 0;
		};
/* End PBXResourcesBuildPhase section */

/* Begin PBXShellScriptBuildPhase section */
		02F00F234A8FA54B626C6C48 /* [CP] Copy Pods Resources */ = {
			isa = PBXShellScriptBuildPhase;
			buildActionMask = 2147483647;
			files = (
			);
			inputPaths = (
			);
			name = "[CP] Copy Pods Resources";
			outputPaths = (
			);
			runOnlyForDeploymentPostprocessing = 0;
			shellPath = /bin/sh;
			shellScript = "\"${SRCROOT}/Pods/Target Support Files/Pods-OpenFireChatUITests/Pods-OpenFireChatUITests-resources.sh\"\n";
			showEnvVarsInLog = 0;
		};
		0D6D1CAD25CC83412D511C24 /* [CP] Check Pods Manifest.lock */ = {
			isa = PBXShellScriptBuildPhase;
			buildActionMask = 2147483647;
			files = (
			);
			inputPaths = (
				"${PODS_PODFILE_DIR_PATH}/Podfile.lock",
				"${PODS_ROOT}/Manifest.lock",
			);
			name = "[CP] Check Pods Manifest.lock";
			outputPaths = (
				"$(DERIVED_FILE_DIR)/Pods-OpenFireChat-checkManifestLockResult.txt",
			);
			runOnlyForDeploymentPostprocessing = 0;
			shellPath = /bin/sh;
			shellScript = "diff \"${PODS_PODFILE_DIR_PATH}/Podfile.lock\" \"${PODS_ROOT}/Manifest.lock\" > /dev/null\nif [ $? != 0 ] ; then\n    # print error to STDERR\n    echo \"error: The sandbox is not in sync with the Podfile.lock. Run 'pod install' or update your CocoaPods installation.\" >&2\n    exit 1\nfi\n# This output is used by Xcode 'outputs' to avoid re-running this script phase.\necho \"SUCCESS\" > \"${SCRIPT_OUTPUT_FILE_0}\"\n";
			showEnvVarsInLog = 0;
		};
		11492D2BBA39BB8C5AD3B0B0 /* [CP] Copy Pods Resources */ = {
			isa = PBXShellScriptBuildPhase;
			buildActionMask = 2147483647;
			files = (
			);
			inputPaths = (
			);
			name = "[CP] Copy Pods Resources";
			outputPaths = (
			);
			runOnlyForDeploymentPostprocessing = 0;
			shellPath = /bin/sh;
			shellScript = "\"${SRCROOT}/Pods/Target Support Files/Pods-OpenFireChat/Pods-OpenFireChat-resources.sh\"\n";
			showEnvVarsInLog = 0;
		};
		BB0386A98EB168F28FBCC4E8 /* [CP] Copy Pods Resources */ = {
			isa = PBXShellScriptBuildPhase;
			buildActionMask = 2147483647;
			files = (
			);
			inputPaths = (
			);
			name = "[CP] Copy Pods Resources";
			outputPaths = (
			);
			runOnlyForDeploymentPostprocessing = 0;
			shellPath = /bin/sh;
			shellScript = "\"${SRCROOT}/Pods/Target Support Files/Pods-OpenFireChatTests/Pods-OpenFireChatTests-resources.sh\"\n";
			showEnvVarsInLog = 0;
		};
		BF3298001127F78F5B2A230D /* [CP] Check Pods Manifest.lock */ = {
			isa = PBXShellScriptBuildPhase;
			buildActionMask = 2147483647;
			files = (
			);
			inputPaths = (
				"${PODS_PODFILE_DIR_PATH}/Podfile.lock",
				"${PODS_ROOT}/Manifest.lock",
			);
			name = "[CP] Check Pods Manifest.lock";
			outputPaths = (
				"$(DERIVED_FILE_DIR)/Pods-OpenFireChatTests-checkManifestLockResult.txt",
			);
			runOnlyForDeploymentPostprocessing = 0;
			shellPath = /bin/sh;
			shellScript = "diff \"${PODS_PODFILE_DIR_PATH}/Podfile.lock\" \"${PODS_ROOT}/Manifest.lock\" > /dev/null\nif [ $? != 0 ] ; then\n    # print error to STDERR\n    echo \"error: The sandbox is not in sync with the Podfile.lock. Run 'pod install' or update your CocoaPods installation.\" >&2\n    exit 1\nfi\n# This output is used by Xcode 'outputs' to avoid re-running this script phase.\necho \"SUCCESS\" > \"${SCRIPT_OUTPUT_FILE_0}\"\n";
			showEnvVarsInLog = 0;
		};
		C3BB1A45431AFCDD5C3B93AA /* [CP] Embed Pods Frameworks */ = {
			isa = PBXShellScriptBuildPhase;
			buildActionMask = 2147483647;
			files = (
			);
			inputPaths = (
			);
			name = "[CP] Embed Pods Frameworks";
			outputPaths = (
			);
			runOnlyForDeploymentPostprocessing = 0;
			shellPath = /bin/sh;
			shellScript = "\"${SRCROOT}/Pods/Target Support Files/Pods-OpenFireChat/Pods-OpenFireChat-frameworks.sh\"\n";
			showEnvVarsInLog = 0;
		};
		E94470E332BB18ABA5C66FE1 /* [CP] Check Pods Manifest.lock */ = {
			isa = PBXShellScriptBuildPhase;
			buildActionMask = 2147483647;
			files = (
			);
			inputPaths = (
				"${PODS_PODFILE_DIR_PATH}/Podfile.lock",
				"${PODS_ROOT}/Manifest.lock",
			);
			name = "[CP] Check Pods Manifest.lock";
			outputPaths = (
				"$(DERIVED_FILE_DIR)/Pods-OpenFireChatUITests-checkManifestLockResult.txt",
			);
			runOnlyForDeploymentPostprocessing = 0;
			shellPath = /bin/sh;
			shellScript = "diff \"${PODS_PODFILE_DIR_PATH}/Podfile.lock\" \"${PODS_ROOT}/Manifest.lock\" > /dev/null\nif [ $? != 0 ] ; then\n    # print error to STDERR\n    echo \"error: The sandbox is not in sync with the Podfile.lock. Run 'pod install' or update your CocoaPods installation.\" >&2\n    exit 1\nfi\n# This output is used by Xcode 'outputs' to avoid re-running this script phase.\necho \"SUCCESS\" > \"${SCRIPT_OUTPUT_FILE_0}\"\n";
			showEnvVarsInLog = 0;
		};
		EAC0556A103D3A7A11EEBB50 /* [CP] Embed Pods Frameworks */ = {
			isa = PBXShellScriptBuildPhase;
			buildActionMask = 2147483647;
			files = (
			);
			inputPaths = (
			);
			name = "[CP] Embed Pods Frameworks";
			outputPaths = (
			);
			runOnlyForDeploymentPostprocessing = 0;
			shellPath = /bin/sh;
			shellScript = "\"${SRCROOT}/Pods/Target Support Files/Pods-OpenFireChatTests/Pods-OpenFireChatTests-frameworks.sh\"\n";
			showEnvVarsInLog = 0;
		};
		F610564D824C31FF514DF629 /* [CP] Embed Pods Frameworks */ = {
			isa = PBXShellScriptBuildPhase;
			buildActionMask = 2147483647;
			files = (
			);
			inputPaths = (
			);
			name = "[CP] Embed Pods Frameworks";
			outputPaths = (
			);
			runOnlyForDeploymentPostprocessing = 0;
			shellPath = /bin/sh;
			shellScript = "\"${SRCROOT}/Pods/Target Support Files/Pods-OpenFireChatUITests/Pods-OpenFireChatUITests-frameworks.sh\"\n";
			showEnvVarsInLog = 0;
		};
/* End PBXShellScriptBuildPhase section */

/* Begin PBXSourcesBuildPhase section */
		8B46900820209B4C00B62227 /* Sources */ = {
			isa = PBXSourcesBuildPhase;
			buildActionMask = 2147483647;
			files = (
				8B46901220209B4C00B62227 /* ViewController.swift in Sources */,
				8B46901020209B4C00B62227 /* AppDelegate.swift in Sources */,
			);
			runOnlyForDeploymentPostprocessing = 0;
		};
		8B46901C20209B4C00B62227 /* Sources */ = {
			isa = PBXSourcesBuildPhase;
			buildActionMask = 2147483647;
			files = (
				8B46902520209B4C00B62227 /* OpenFireChatTests.swift in Sources */,
			);
			runOnlyForDeploymentPostprocessing = 0;
		};
		8B46902720209B4C00B62227 /* Sources */ = {
			isa = PBXSourcesBuildPhase;
			buildActionMask = 2147483647;
			files = (
				8B46903020209B4C00B62227 /* OpenFireChatUITests.swift in Sources */,
			);
			runOnlyForDeploymentPostprocessing = 0;
		};
/* End PBXSourcesBuildPhase section */

/* Begin PBXTargetDependency section */
		8B46902220209B4C00B62227 /* PBXTargetDependency */ = {
			isa = PBXTargetDependency;
			target = 8B46900B20209B4C00B62227 /* OpenFireChat */;
			targetProxy = 8B46902120209B4C00B62227 /* PBXContainerItemProxy */;
		};
		8B46902D20209B4C00B62227 /* PBXTargetDependency */ = {
			isa = PBXTargetDependency;
			target = 8B46900B20209B4C00B62227 /* OpenFireChat */;
			targetProxy = 8B46902C20209B4C00B62227 /* PBXContainerItemProxy */;
		};
/* End PBXTargetDependency section */

/* Begin PBXVariantGroup section */
		8B46901320209B4C00B62227 /* Main.storyboard */ = {
			isa = PBXVariantGroup;
			children = (
				8B46901420209B4C00B62227 /* Base */,
			);
			name = Main.storyboard;
			sourceTree = "<group>";
		};
		8B46901820209B4C00B62227 /* LaunchScreen.storyboard */ = {
			isa = PBXVariantGroup;
			children = (
				8B46901920209B4C00B62227 /* Base */,
			);
			name = LaunchScreen.storyboard;
			sourceTree = "<group>";
		};
/* End PBXVariantGroup section */

/* Begin XCBuildConfiguration section */
		8B46903220209B4C00B62227 /* Debug */ = {
			isa = XCBuildConfiguration;
			buildSettings = {
				ALWAYS_SEARCH_USER_PATHS = NO;
				CLANG_ANALYZER_NONNULL = YES;
				CLANG_ANALYZER_NUMBER_OBJECT_CONVERSION = YES_AGGRESSIVE;
				CLANG_CXX_LANGUAGE_STANDARD = "gnu++14";
				CLANG_CXX_LIBRARY = "libc++";
				CLANG_ENABLE_MODULES = YES;
				CLANG_ENABLE_OBJC_ARC = YES;
				CLANG_WARN_BLOCK_CAPTURE_AUTORELEASING = YES;
				CLANG_WARN_BOOL_CONVERSION = YES;
				CLANG_WARN_COMMA = YES;
				CLANG_WARN_CONSTANT_CONVERSION = YES;
				CLANG_WARN_DIRECT_OBJC_ISA_USAGE = YES_ERROR;
				CLANG_WARN_DOCUMENTATION_COMMENTS = YES;
				CLANG_WARN_EMPTY_BODY = YES;
				CLANG_WARN_ENUM_CONVERSION = YES;
				CLANG_WARN_INFINITE_RECURSION = YES;
				CLANG_WARN_INT_CONVERSION = YES;
				CLANG_WARN_NON_LITERAL_NULL_CONVERSION = YES;
				CLANG_WARN_OBJC_LITERAL_CONVERSION = YES;
				CLANG_WARN_OBJC_ROOT_CLASS = YES_ERROR;
				CLANG_WARN_RANGE_LOOP_ANALYSIS = YES;
				CLANG_WARN_STRICT_PROTOTYPES = YES;
				CLANG_WARN_SUSPICIOUS_MOVE = YES;
				CLANG_WARN_UNGUARDED_AVAILABILITY = YES_AGGRESSIVE;
				CLANG_WARN_UNREACHABLE_CODE = YES;
				CLANG_WARN__DUPLICATE_METHOD_MATCH = YES;
				CODE_SIGN_IDENTITY = "iPhone Developer";
				COPY_PHASE_STRIP = NO;
				DEBUG_INFORMATION_FORMAT = dwarf;
				ENABLE_STRICT_OBJC_MSGSEND = YES;
				ENABLE_TESTABILITY = YES;
				GCC_C_LANGUAGE_STANDARD = gnu11;
				GCC_DYNAMIC_NO_PIC = NO;
				GCC_NO_COMMON_BLOCKS = YES;
				GCC_OPTIMIZATION_LEVEL = 0;
				GCC_PREPROCESSOR_DEFINITIONS = (
					"DEBUG=1",
					"$(inherited)",
				);
				GCC_WARN_64_TO_32_BIT_CONVERSION = YES;
				GCC_WARN_ABOUT_RETURN_TYPE = YES_ERROR;
				GCC_WARN_UNDECLARED_SELECTOR = YES;
				GCC_WARN_UNINITIALIZED_AUTOS = YES_AGGRESSIVE;
				GCC_WARN_UNUSED_FUNCTION = YES;
				GCC_WARN_UNUSED_VARIABLE = YES;
				IPHONEOS_DEPLOYMENT_TARGET = 11.2;
				MTL_ENABLE_DEBUG_INFO = YES;
				ONLY_ACTIVE_ARCH = YES;
				SDKROOT = iphoneos;
				SWIFT_ACTIVE_COMPILATION_CONDITIONS = DEBUG;
				SWIFT_OPTIMIZATION_LEVEL = "-Onone";
			};
			name = Debug;
		};
		8B46903320209B4C00B62227 /* Release */ = {
			isa = XCBuildConfiguration;
			buildSettings = {
				ALWAYS_SEARCH_USER_PATHS = NO;
				CLANG_ANALYZER_NONNULL = YES;
				CLANG_ANALYZER_NUMBER_OBJECT_CONVERSION = YES_AGGRESSIVE;
				CLANG_CXX_LANGUAGE_STANDARD = "gnu++14";
				CLANG_CXX_LIBRARY = "libc++";
				CLANG_ENABLE_MODULES = YES;
				CLANG_ENABLE_OBJC_ARC = YES;
				CLANG_WARN_BLOCK_CAPTURE_AUTORELEASING = YES;
				CLANG_WARN_BOOL_CONVERSION = YES;
				CLANG_WARN_COMMA = YES;
				CLANG_WARN_CONSTANT_CONVERSION = YES;
				CLANG_WARN_DIRECT_OBJC_ISA_USAGE = YES_ERROR;
				CLANG_WARN_DOCUMENTATION_COMMENTS = YES;
				CLANG_WARN_EMPTY_BODY = YES;
				CLANG_WARN_ENUM_CONVERSION = YES;
				CLANG_WARN_INFINITE_RECURSION = YES;
				CLANG_WARN_INT_CONVERSION = YES;
				CLANG_WARN_NON_LITERAL_NULL_CONVERSION = YES;
				CLANG_WARN_OBJC_LITERAL_CONVERSION = YES;
				CLANG_WARN_OBJC_ROOT_CLASS = YES_ERROR;
				CLANG_WARN_RANGE_LOOP_ANALYSIS = YES;
				CLANG_WARN_STRICT_PROTOTYPES = YES;
				CLANG_WARN_SUSPICIOUS_MOVE = YES;
				CLANG_WARN_UNGUARDED_AVAILABILITY = YES_AGGRESSIVE;
				CLANG_WARN_UNREACHABLE_CODE = YES;
				CLANG_WARN__DUPLICATE_METHOD_MATCH = YES;
				CODE_SIGN_IDENTITY = "iPhone Developer";
				COPY_PHASE_STRIP = NO;
				DEBUG_INFORMATION_FORMAT = "dwarf-with-dsym";
				ENABLE_NS_ASSERTIONS = NO;
				ENABLE_STRICT_OBJC_MSGSEND = YES;
				GCC_C_LANGUAGE_STANDARD = gnu11;
				GCC_NO_COMMON_BLOCKS = YES;
				GCC_WARN_64_TO_32_BIT_CONVERSION = YES;
				GCC_WARN_ABOUT_RETURN_TYPE = YES_ERROR;
				GCC_WARN_UNDECLARED_SELECTOR = YES;
				GCC_WARN_UNINITIALIZED_AUTOS = YES_AGGRESSIVE;
				GCC_WARN_UNUSED_FUNCTION = YES;
				GCC_WARN_UNUSED_VARIABLE = YES;
				IPHONEOS_DEPLOYMENT_TARGET = 11.2;
				MTL_ENABLE_DEBUG_INFO = NO;
				SDKROOT = iphoneos;
				SWIFT_OPTIMIZATION_LEVEL = "-Owholemodule";
				VALIDATE_PRODUCT = YES;
			};
			name = Release;
		};
		8B46903520209B4C00B62227 /* Debug */ = {
			isa = XCBuildConfiguration;
			baseConfigurationReference = 801C8EB6AFEB06C649450896 /* Pods-OpenFireChat.debug.xcconfig */;
			buildSettings = {
				ASSETCATALOG_COMPILER_APPICON_NAME = AppIcon;
				CODE_SIGN_STYLE = Automatic;
				INFOPLIST_FILE = OpenFireChat/Info.plist;
				LD_RUNPATH_SEARCH_PATHS = "$(inherited) @executable_path/Frameworks";
				PRODUCT_BUNDLE_IDENTIFIER = vrat28.OpenFireChat;
				PRODUCT_NAME = "$(TARGET_NAME)";
				SWIFT_VERSION = 4.0;
				TARGETED_DEVICE_FAMILY = "1,2";
			};
			name = Debug;
		};
		8B46903620209B4C00B62227 /* Release */ = {
			isa = XCBuildConfiguration;
			baseConfigurationReference = 06BF67DE53E5A4720799AF79 /* Pods-OpenFireChat.release.xcconfig */;
			buildSettings = {
				ASSETCATALOG_COMPILER_APPICON_NAME = AppIcon;
				CODE_SIGN_STYLE = Automatic;
				INFOPLIST_FILE = OpenFireChat/Info.plist;
				LD_RUNPATH_SEARCH_PATHS = "$(inherited) @executable_path/Frameworks";
				PRODUCT_BUNDLE_IDENTIFIER = vrat28.OpenFireChat;
				PRODUCT_NAME = "$(TARGET_NAME)";
				SWIFT_VERSION = 4.0;
				TARGETED_DEVICE_FAMILY = "1,2";
			};
			name = Release;
		};
		8B46903820209B4C00B62227 /* Debug */ = {
			isa = XCBuildConfiguration;
			baseConfigurationReference = CE41332CC45FE06F17225820 /* Pods-OpenFireChatTests.debug.xcconfig */;
			buildSettings = {
				ALWAYS_EMBED_SWIFT_STANDARD_LIBRARIES = YES;
				BUNDLE_LOADER = "$(TEST_HOST)";
				CODE_SIGN_STYLE = Automatic;
				INFOPLIST_FILE = OpenFireChatTests/Info.plist;
				LD_RUNPATH_SEARCH_PATHS = "$(inherited) @executable_path/Frameworks @loader_path/Frameworks";
				PRODUCT_BUNDLE_IDENTIFIER = vrat28.OpenFireChatTests;
				PRODUCT_NAME = "$(TARGET_NAME)";
				SWIFT_VERSION = 4.0;
				TARGETED_DEVICE_FAMILY = "1,2";
				TEST_HOST = "$(BUILT_PRODUCTS_DIR)/OpenFireChat.app/OpenFireChat";
			};
			name = Debug;
		};
		8B46903920209B4C00B62227 /* Release */ = {
			isa = XCBuildConfiguration;
			baseConfigurationReference = A31F78277479D9159DCE8437 /* Pods-OpenFireChatTests.release.xcconfig */;
			buildSettings = {
				ALWAYS_EMBED_SWIFT_STANDARD_LIBRARIES = YES;
				BUNDLE_LOADER = "$(TEST_HOST)";
				CODE_SIGN_STYLE = Automatic;
				INFOPLIST_FILE = OpenFireChatTests/Info.plist;
				LD_RUNPATH_SEARCH_PATHS = "$(inherited) @executable_path/Frameworks @loader_path/Frameworks";
				PRODUCT_BUNDLE_IDENTIFIER = vrat28.OpenFireChatTests;
				PRODUCT_NAME = "$(TARGET_NAME)";
				SWIFT_VERSION = 4.0;
				TARGETED_DEVICE_FAMILY = "1,2";
				TEST_HOST = "$(BUILT_PRODUCTS_DIR)/OpenFireChat.app/OpenFireChat";
			};
			name = Release;
		};
		8B46903B20209B4C00B62227 /* Debug */ = {
			isa = XCBuildConfiguration;
			baseConfigurationReference = D22A5AC458A87609608F4B98 /* Pods-OpenFireChatUITests.debug.xcconfig */;
			buildSettings = {
				ALWAYS_EMBED_SWIFT_STANDARD_LIBRARIES = YES;
				CODE_SIGN_STYLE = Automatic;
				INFOPLIST_FILE = OpenFireChatUITests/Info.plist;
				LD_RUNPATH_SEARCH_PATHS = "$(inherited) @executable_path/Frameworks @loader_path/Frameworks";
				PRODUCT_BUNDLE_IDENTIFIER = vrat28.OpenFireChatUITests;
				PRODUCT_NAME = "$(TARGET_NAME)";
				SWIFT_VERSION = 4.0;
				TARGETED_DEVICE_FAMILY = "1,2";
				TEST_TARGET_NAME = OpenFireChat;
			};
			name = Debug;
		};
		8B46903C20209B4C00B62227 /* Release */ = {
			isa = XCBuildConfiguration;
			baseConfigurationReference = E9ACAD5C4E58A352D75B5245 /* Pods-OpenFireChatUITests.release.xcconfig */;
			buildSettings = {
				ALWAYS_EMBED_SWIFT_STANDARD_LIBRARIES = YES;
				CODE_SIGN_STYLE = Automatic;
				INFOPLIST_FILE = OpenFireChatUITests/Info.plist;
				LD_RUNPATH_SEARCH_PATHS = "$(inherited) @executable_path/Frameworks @loader_path/Frameworks";
				PRODUCT_BUNDLE_IDENTIFIER = vrat28.OpenFireChatUITests;
				PRODUCT_NAME = "$(TARGET_NAME)";
				SWIFT_VERSION = 4.0;
				TARGETED_DEVICE_FAMILY = "1,2";
				TEST_TARGET_NAME = OpenFireChat;
			};
			name = Release;
		};
/* End XCBuildConfiguration section */

/* Begin XCConfigurationList section */
		8B46900720209B4C00B62227 /* Build configuration list for PBXProject "OpenFireChat" */ = {
			isa = XCConfigurationList;
			buildConfigurations = (
				8B46903220209B4C00B62227 /* Debug */,
				8B46903320209B4C00B62227 /* Release */,
			);
			defaultConfigurationIsVisible = 0;
			defaultConfigurationName = Release;
		};
		8B46903420209B4C00B62227 /* Build configuration list for PBXNativeTarget "OpenFireChat" */ = {
			isa = XCConfigurationList;
			buildConfigurations = (
				8B46903520209B4C00B62227 /* Debug */,
				8B46903620209B4C00B62227 /* Release */,
			);
			defaultConfigurationIsVisible = 0;
			defaultConfigurationName = Release;
		};
		8B46903720209B4C00B62227 /* Build configuration list for PBXNativeTarget "OpenFireChatTests" */ = {
			isa = XCConfigurationList;
			buildConfigurations = (
				8B46903820209B4C00B62227 /* Debug */,
				8B46903920209B4C00B62227 /* Release */,
			);
			defaultConfigurationIsVisible = 0;
			defaultConfigurationName = Release;
		};
		8B46903A20209B4C00B62227 /* Build configuration list for PBXNativeTarget "OpenFireChatUITests" */ = {
			isa = XCConfigurationList;
			buildConfigurations = (
				8B46903B20209B4C00B62227 /* Debug */,
				8B46903C20209B4C00B62227 /* Release */,
			);
			defaultConfigurationIsVisible = 0;
			defaultConfigurationName = Release;
		};
/* End XCConfigurationList section */
	};
	rootObject = 8B46900420209B4C00B62227 /* Project object */;
}
